// !$*UTF8*$!
{
	archiveVersion = 1;
	classes = {
	};
	objectVersion = 46;
	objects = {

/* Begin PBXBuildFile section */
		67189D9B1F39BBB20079BB18 /* main.m in Sources */ = {isa = PBXBuildFile; fileRef = 67189D9A1F39BBB20079BB18 /* main.m */; };
		67189D9E1F39BBB20079BB18 /* AppDelegate.m in Sources */ = {isa = PBXBuildFile; fileRef = 67189D9D1F39BBB20079BB18 /* AppDelegate.m */; };
		67189DA11F39BBB20079BB18 /* ViewController.m in Sources */ = {isa = PBXBuildFile; fileRef = 67189DA01F39BBB20079BB18 /* ViewController.m */; };
		67189DA41F39BBB20079BB18 /* Main.storyboard in Resources */ = {isa = PBXBuildFile; fileRef = 67189DA21F39BBB20079BB18 /* Main.storyboard */; };
		67189DA61F39BBB20079BB18 /* Assets.xcassets in Resources */ = {isa = PBXBuildFile; fileRef = 67189DA51F39BBB20079BB18 /* Assets.xcassets */; };
		67189DA91F39BBB20079BB18 /* LaunchScreen.storyboard in Resources */ = {isa = PBXBuildFile; fileRef = 67189DA71F39BBB20079BB18 /* LaunchScreen.storyboard */; };
		67189DB51F39BC150079BB18 /* UICountingLabel.m in Sources */ = {isa = PBXBuildFile; fileRef = 67189DB21F39BC150079BB18 /* UICountingLabel.m */; };
		67189DB91F39BC450079BB18 /* UIView+Extend.m in Sources */ = {isa = PBXBuildFile; fileRef = 67189DB81F39BC450079BB18 /* UIView+Extend.m */; };
		67189DBC1F39BC8E0079BB18 /* PTHistogramView.m in Sources */ = {isa = PBXBuildFile; fileRef = 67189DBB1F39BC8E0079BB18 /* PTHistogramView.m */; };
/* End PBXBuildFile section */

/* Begin PBXFileReference section */
		67189D961F39BBB20079BB18 /* PTHistogramView.app */ = {isa = PBXFileReference; explicitFileType = wrapper.application; includeInIndex = 0; path = PTHistogramView.app; sourceTree = BUILT_PRODUCTS_DIR; };
		67189D9A1F39BBB20079BB18 /* main.m */ = {isa = PBXFileReference; lastKnownFileType = sourcecode.c.objc; path = main.m; sourceTree = "<group>"; };
		67189D9C1F39BBB20079BB18 /* AppDelegate.h */ = {isa = PBXFileReference; lastKnownFileType = sourcecode.c.h; path = AppDelegate.h; sourceTree = "<group>"; };
		67189D9D1F39BBB20079BB18 /* AppDelegate.m */ = {isa = PBXFileReference; lastKnownFileType = sourcecode.c.objc; path = AppDelegate.m; sourceTree = "<group>"; };
		67189D9F1F39BBB20079BB18 /* ViewController.h */ = {isa = PBXFileReference; lastKnownFileType = sourcecode.c.h; path = ViewController.h; sourceTree = "<group>"; };
		67189DA01F39BBB20079BB18 /* ViewController.m */ = {isa = PBXFileReference; lastKnownFileType = sourcecode.c.objc; path = ViewController.m; sourceTree = "<group>"; };
		67189DA31F39BBB20079BB18 /* Base */ = {isa = PBXFileReference; lastKnownFileType = file.storyboard; name = Base; path = Base.lproj/Main.storyboard; sourceTree = "<group>"; };
		67189DA51F39BBB20079BB18 /* Assets.xcassets */ = {isa = PBXFileReference; lastKnownFileType = folder.assetcatalog; path = Assets.xcassets; sourceTree = "<group>"; };
		67189DA81F39BBB20079BB18 /* Base */ = {isa = PBXFileReference; lastKnownFileType = file.storyboard; name = Base; path = Base.lproj/LaunchScreen.storyboard; sourceTree = "<group>"; };
		67189DAA1F39BBB20079BB18 /* Info.plist */ = {isa = PBXFileReference; lastKnownFileType = text.plist.xml; path = Info.plist; sourceTree = "<group>"; };
		67189DB11F39BC150079BB18 /* UICountingLabel.h */ = {isa = PBXFileReference; fileEncoding = 4; lastKnownFileType = sourcecode.c.h; path = UICountingLabel.h; sourceTree = "<group>"; };
		67189DB21F39BC150079BB18 /* UICountingLabel.m */ = {isa = PBXFileReference; fileEncoding = 4; lastKnownFileType = sourcecode.c.objc; path = UICountingLabel.m; sourceTree = "<group>"; };
		67189DB71F39BC450079BB18 /* UIView+Extend.h */ = {isa = PBXFileReference; fileEncoding = 4; lastKnownFileType = sourcecode.c.h; path = "UIView+Extend.h"; sourceTree = "<group>"; };
		67189DB81F39BC450079BB18 /* UIView+Extend.m */ = {isa = PBXFileReference; fileEncoding = 4; lastKnownFileType = sourcecode.c.objc; path = "UIView+Extend.m"; sourceTree = "<group>"; };
		67189DBA1F39BC8E0079BB18 /* PTHistogramView.h */ = {isa = PBXFileReference; fileEncoding = 4; lastKnownFileType = sourcecode.c.h; path = PTHistogramView.h; sourceTree = "<group>"; };
		67189DBB1F39BC8E0079BB18 /* PTHistogramView.m */ = {isa = PBXFileReference; fileEncoding = 4; lastKnownFileType = sourcecode.c.objc; path = PTHistogramView.m; sourceTree = "<group>"; };
/* End PBXFileReference section */

/* Begin PBXFrameworksBuildPhase section */
		67189D931F39BBB20079BB18 /* Frameworks */ = {
			isa = PBXFrameworksBuildPhase;
			buildActionMask = 2147483647;
			files = (
			);
			runOnlyForDeploymentPostprocessing = 0;
		};
/* End PBXFrameworksBuildPhase section */

/* Begin PBXGroup section */
		67189D8D1F39BBB20079BB18 = {
			isa = PBXGroup;
			children = (
				67189DB01F39BC150079BB18 /* PTView */,
				67189D981F39BBB20079BB18 /* PTHistogramView */,
				67189D971F39BBB20079BB18 /* Products */,
			);
			sourceTree = "<group>";
		};
		67189D971F39BBB20079BB18 /* Products */ = {
			isa = PBXGroup;
			children = (
				67189D961F39BBB20079BB18 /* PTHistogramView.app */,
			);
			name = Products;
			sourceTree = "<group>";
		};
		67189D981F39BBB20079BB18 /* PTHistogramView */ = {
			isa = PBXGroup;
			children = (
				67189D9C1F39BBB20079BB18 /* AppDelegate.h */,
				67189D9D1F39BBB20079BB18 /* AppDelegate.m */,
				67189D9F1F39BBB20079BB18 /* ViewController.h */,
				67189DA01F39BBB20079BB18 /* ViewController.m */,
				67189DA21F39BBB20079BB18 /* Main.storyboard */,
				67189DA51F39BBB20079BB18 /* Assets.xcassets */,
				67189DA71F39BBB20079BB18 /* LaunchScreen.storyboard */,
				67189DAA1F39BBB20079BB18 /* Info.plist */,
				67189D991F39BBB20079BB18 /* Supporting Files */,
			);
			path = PTHistogramView;
			sourceTree = "<group>";
		};
		67189D991F39BBB20079BB18 /* Supporting Files */ = {
			isa = PBXGroup;
			children = (
				67189D9A1F39BBB20079BB18 /* main.m */,
			);
			name = "Supporting Files";
			sourceTree = "<group>";
		};
		67189DB01F39BC150079BB18 /* PTView */ = {
			isa = PBXGroup;
			children = (
				67189DB71F39BC450079BB18 /* UIView+Extend.h */,
				67189DB81F39BC450079BB18 /* UIView+Extend.m */,
				67189DB11F39BC150079BB18 /* UICountingLabel.h */,
				67189DB21F39BC150079BB18 /* UICountingLabel.m */,
				67189DBA1F39BC8E0079BB18 /* PTHistogramView.h */,
				67189DBB1F39BC8E0079BB18 /* PTHistogramView.m */,
			);
			path = PTView;
			sourceTree = "<group>";
		};
/* End PBXGroup section */

/* Begin PBXNativeTarget section */
		67189D951F39BBB20079BB18 /* PTHistogramView */ = {
			isa = PBXNativeTarget;
			buildConfigurationList = 67189DAD1F39BBB20079BB18 /* Build configuration list for PBXNativeTarget "PTHistogramView" */;
			buildPhases = (
				67189D921F39BBB20079BB18 /* Sources */,
				67189D931F39BBB20079BB18 /* Frameworks */,
				67189D941F39BBB20079BB18 /* Resources */,
			);
			buildRules = (
			);
			dependencies = (
			);
			name = PTHistogramView;
			productName = PTHistogramView;
			productReference = 67189D961F39BBB20079BB18 /* PTHistogramView.app */;
			productType = "com.apple.product-type.application";
		};
/* End PBXNativeTarget section */

/* Begin PBXProject section */
		67189D8E1F39BBB20079BB18 /* Project object */ = {
			isa = PBXProject;
			attributes = {
				LastUpgradeCheck = 0830;
				ORGANIZATIONNAME = PT;
				TargetAttributes = {
					67189D951F39BBB20079BB18 = {
						CreatedOnToolsVersion = 8.3.3;
						DevelopmentTeam = D4L838KJ48;
						ProvisioningStyle = Automatic;
					};
				};
			};
			buildConfigurationList = 67189D911F39BBB20079BB18 /* Build configuration list for PBXProject "PTHistogramView" */;
			compatibilityVersion = "Xcode 3.2";
			developmentRegion = English;
			hasScannedForEncodings = 0;
			knownRegions = (
				en,
				Base,
			);
			mainGroup = 67189D8D1F39BBB20079BB18;
			productRefGroup = 67189D971F39BBB20079BB18 /* Products */;
			projectDirPath = "";
			projectRoot = "";
			targets = (
				67189D951F39BBB20079BB18 /* PTHistogramView */,
			);
		};
/* End PBXProject section */

/* Begin PBXResourcesBuildPhase section */
		67189D941F39BBB20079BB18 /* Resources */ = {
			isa = PBXResourcesBuildPhase;
			buildActionMask = 2147483647;
			files = (
				67189DA91F39BBB20079BB18 /* LaunchScreen.storyboard in Resources */,
				67189DA61F39BBB20079BB18 /* Assets.xcassets in Resources */,
				67189DA41F39BBB20079BB18 /* Main.storyboard in Resources */,
			);
			runOnlyForDeploymentPostprocessing = 0;
		};
/* End PBXResourcesBuildPhase section */

/* Begin PBXSourcesBuildPhase section */
		67189D921F39BBB20079BB18 /* Sources */ = {
			isa = PBXSourcesBuildPhase;
			buildActionMask = 2147483647;
			files = (
				67189DA11F39BBB20079BB18 /* ViewController.m in Sources */,
				67189DB51F39BC150079BB18 /* UICountingLabel.m in Sources */,
				67189D9E1F39BBB20079BB18 /* AppDelegate.m in Sources */,
				67189DB91F39BC450079BB18 /* UIView+Extend.m in Sources */,
				67189D9B1F39BBB20079BB18 /* main.m in Sources */,
				67189DBC1F39BC8E0079BB18 /* PTHistogramView.m in Sources */,
			);
			runOnlyForDeploymentPostprocessing = 0;
		};
/* End PBXSourcesBuildPhase section */

/* Begin PBXVariantGroup section */
		67189DA21F39BBB20079BB18 /* Main.storyboard */ = {
			isa = PBXVariantGroup;
			children = (
				67189DA31F39BBB20079BB18 /* Base */,
			);
			name = Main.storyboard;
			sourceTree = "<group>";
		};
		67189DA71F39BBB20079BB18 /* LaunchScreen.storyboard */ = {
			isa = PBXVariantGroup;
			children = (
				67189DA81F39BBB20079BB18 /* Base */,
			);
			name = LaunchScreen.storyboard;
			sourceTree = "<group>";
		};
/* End PBXVariantGroup section */

/* Begin XCBuildConfiguration section */
		67189DAB1F39BBB20079BB18 /* Debug */ = {
			isa = XCBuildConfiguration;
			buildSettings = {
				ALWAYS_SEARCH_USER_PATHS = NO;
				CLANG_ANALYZER_NONNULL = YES;
				CLANG_ANALYZER_NUMBER_OBJECT_CONVERSION = YES_AGGRESSIVE;
				CLANG_CXX_LANGUAGE_STANDARD = "gnu++0x";
				CLANG_CXX_LIBRARY = "libc++";
				CLANG_ENABLE_MODULES = YES;
				CLANG_ENABLE_OBJC_ARC = YES;
				CLANG_WARN_BOOL_CONVERSION = YES;
				CLANG_WARN_CONSTANT_CONVERSION = YES;
				CLANG_WARN_DIRECT_OBJC_ISA_USAGE = YES_ERROR;
				CLANG_WARN_DOCUMENTATION_COMMENTS = YES;
				CLANG_WARN_EMPTY_BODY = YES;
				CLANG_WARN_ENUM_CONVERSION = YES;
				CLANG_WARN_INFINITE_RECURSION = YES;
				CLANG_WARN_INT_CONVERSION = YES;
				CLANG_WARN_OBJC_ROOT_CLASS = YES_ERROR;
				CLANG_WARN_SUSPICIOUS_MOVE = YES;
				CLANG_WARN_UNREACHABLE_CODE = YES;
				CLANG_WARN__DUPLICATE_METHOD_MATCH = YES;
				"CODE_SIGN_IDENTITY[sdk=iphoneos*]" = "iPhone Developer";
				COPY_PHASE_STRIP = NO;
				DEBUG_INFORMATION_FORMAT = dwarf;
				ENABLE_STRICT_OBJC_MSGSEND = YES;
				ENABLE_TESTABILITY = YES;
				GCC_C_LANGUAGE_STANDARD = gnu99;
				GCC_DYNAMIC_NO_PIC = NO;
				GCC_NO_COMMON_BLOCKS = YES;
				GCC_OPTIMIZATION_LEVEL = 0;
				GCC_PREPROCESSOR_DEFINITIONS = (
					"DEBUG=1",
					"$(inherited)",
				);
				GCC_WARN_64_TO_32_BIT_CONVERSION = YES;
				GCC_WARN_ABOUT_RETURN_TYPE = YES_ERROR;
				GCC_WARN_UNDECLARED_SELECTOR = YES;
				GCC_WARN_UNINITIALIZED_AUTOS = YES_AGGRESSIVE;
				GCC_WARN_UNUSED_FUNCTION = YES;
				GCC_WARN_UNUSED_VARIABLE = YES;
				IPHONEOS_DEPLOYMENT_TARGET = 10.3;
				MTL_ENABLE_DEBUG_INFO = YES;
				ONLY_ACTIVE_ARCH = YES;
				SDKROOT = iphoneos;
				TARGETED_DEVICE_FAMILY = "1,2";
			};
			name = Debug;
		};
		67189DAC1F39BBB20079BB18 /* Release */ = {
			isa = XCBuildConfiguration;
			buildSettings = {
				ALWAYS_SEARCH_USER_PATHS = NO;
				CLANG_ANALYZER_NONNULL = YES;
				CLANG_ANALYZER_NUMBER_OBJECT_CONVERSION = YES_AGGRESSIVE;
				CLANG_CXX_LANGUAGE_STANDARD = "gnu++0x";
				CLANG_CXX_LIBRARY = "libc++";
				CLANG_ENABLE_MODULES = YES;
				CLANG_ENABLE_OBJC_ARC = YES;
				CLANG_WARN_BOOL_CONVERSION = YES;
				CLANG_WARN_CONSTANT_CONVERSION = YES;
				CLANG_WARN_DIRECT_OBJC_ISA_USAGE = YES_ERROR;
				CLANG_WARN_DOCUMENTATION_COMMENTS = YES;
				CLANG_WARN_EMPTY_BODY = YES;
				CLANG_WARN_ENUM_CONVERSION = YES;
				CLANG_WARN_INFINITE_RECURSION = YES;
				CLANG_WARN_INT_CONVERSION = YES;
				CLANG_WARN_OBJC_ROOT_CLASS = YES_ERROR;
				CLANG_WARN_SUSPICIOUS_MOVE = YES;
				CLANG_WARN_UNREACHABLE_CODE = YES;
				CLANG_WARN__DUPLICATE_METHOD_MATCH = YES;
				"CODE_SIGN_IDENTITY[sdk=iphoneos*]" = "iPhone Developer";
				COPY_PHASE_STRIP = NO;
				DEBUG_INFORMATION_FORMAT = "dwarf-with-dsym";
				ENABLE_NS_ASSERTIONS = NO;
				ENABLE_STRICT_OBJC_MSGSEND = YES;
				GCC_C_LANGUAGE_STANDARD = gnu99;
				GCC_NO_COMMON_BLOCKS = YES;
				GCC_WARN_64_TO_32_BIT_CONVERSION = YES;
				GCC_WARN_ABOUT_RETURN_TYPE = YES_ERROR;
				GCC_WARN_UNDECLARED_SELECTOR = YES;
				GCC_WARN_UNINITIALIZED_AUTOS = YES_AGGRESSIVE;
				GCC_WARN_UNUSED_FUNCTION = YES;
				GCC_WARN_UNUSED_VARIABLE = YES;
				IPHONEOS_DEPLOYMENT_TARGET = 10.3;
				MTL_ENABLE_DEBUG_INFO = NO;
				SDKROOT = iphoneos;
				TARGETED_DEVICE_FAMILY = "1,2";
				VALIDATE_PRODUCT = YES;
			};
			name = Release;
		};
		67189DAE1F39BBB20079BB18 /* Debug */ = {
			isa = XCBuildConfiguration;
			buildSettings = {
				ASSETCATALOG_COMPILER_APPICON_NAME = AppIcon;
				DEVELOPMENT_TEAM = D4L838KJ48;
				INFOPLIST_FILE = PTHistogramView/Info.plist;
				LD_RUNPATH_SEARCH_PATHS = "$(inherited) @executable_path/Frameworks";
				PRODUCT_BUNDLE_IDENTIFIER = com.qingfengweb.PTHistogramView;
				PRODUCT_NAME = "$(TARGET_NAME)";
			};
			name = Debug;
		};
		67189DAF1F39BBB20079BB18 /* Release */ = {
			isa = XCBuildConfiguration;
			buildSettings = {
				ASSETCATALOG_COMPILER_APPICON_NAME = AppIcon;
				DEVELOPMENT_TEAM = D4L838KJ48;
				INFOPLIST_FILE = PTHistogramView/Info.plist;
				LD_RUNPATH_SEARCH_PATHS = "$(inherited) @executable_path/Frameworks";
				PRODUCT_BUNDLE_IDENTIFIER = com.qingfengweb.PTHistogramView;
				PRODUCT_NAME = "$(TARGET_NAME)";
			};
			name = Release;
		};
/* End XCBuildConfiguration section */

/* Begin XCConfigurationList section */
		67189D911F39BBB20079BB18 /* Build configuration list for PBXProject "PTHistogramView" */ = {
			isa = XCConfigurationList;
			buildConfigurations = (
				67189DAB1F39BBB20079BB18 /* Debug */,
				67189DAC1F39BBB20079BB18 /* Release */,
			);
			defaultConfigurationIsVisible = 0;
			defaultConfigurationName = Release;
		};
		67189DAD1F39BBB20079BB18 /* Build configuration list for PBXNativeTarget "PTHistogramView" */ = {
			isa = XCConfigurationList;
			buildConfigurations = (
				67189DAE1F39BBB20079BB18 /* Debug */,
				67189DAF1F39BBB20079BB18 /* Release */,
			);
			defaultConfigurationIsVisible = 0;
		};
/* End XCConfigurationList section */
	};
	rootObject = 67189D8E1F39BBB20079BB18 /* Project object */;
}
